
Microsoft Visual Studio Solution File, Format Version 12.00
# Visual Studio Version 16
VisualStudioVersion = 16.0.35706.149
MinimumVisualStudioVersion = 10.0.40219.1
Project("{FAE04EC0-301F-11D3-BF4B-00C04F79EFBC}") = "lix4j-boot", "lix4j-boot.csproj", "{C834213B-1AE6-473C-B318-76834C8AF0A6}"
EndProject
Global
	GlobalSection(SolutionConfigurationPlatforms) = preSolution
		Debug|Any CPU = Debug|Any CPU
		Release|Any CPU = Release|Any CPU
	EndGlobalSection
	GlobalSection(ProjectConfigurationPlatforms) = postSolution
		{C834213B-1AE6-473C-B318-76834C8AF0A6}.Debug|Any CPU.ActiveCfg = Debug|Any CPU
		{C834213B-1AE6-473C-B318-76834C8AF0A6}.Debug|Any CPU.Build.0 = Debug|Any CPU
		{C834213B-1AE6-473C-B318-76834C8AF0A6}.Release|Any CPU.ActiveCfg = Release|Any CPU
		{C834213B-1AE6-473C-B318-76834C8AF0A6}.Release|Any CPU.Build.0 = Release|Any CPU
	EndGlobalSection
	GlobalSection(SolutionProperties) = preSolution
		HideSolutionNode = FALSE
	EndGlobalSection
	GlobalSection(ExtensibilityGlobals) = postSolution
		SolutionGuid = {163298AE-EDC9-4F08-9BBD-6A225E55673B}
	EndGlobalSection
EndGlobal
